# This file is automatically @generated by Poetry 1.8.4 and should not be changed by hand.

[[package]]
name = "colorxs"
version = "1.0.1"
description = "Make your terminal output a little more colorful."
optional = false
python-versions = "<4.0,>=3.8"
files = [
    {file = "colorxs-1.0.1-py3-none-any.whl", hash = "sha256:15ddef89082355cebcd628777f0b721931c4077ade70fba357cedcc4cc4be085"},
    {file = "colorxs-1.0.1.tar.gz", hash = "sha256:6a1ea36d2b20269d4a96a626ddbf72b11159fc5e33f1132937e53d7bf890fed3"},
]

[[package]]
name = "tsafe"
version = "1.3.1"
description = "A module that forces functions to be type safe."
optional = false
python-versions = "<4.0,>=3.8"
files = [
    {file = "tsafe-1.3.1-py3-none-any.whl", hash = "sha256:86d224e4095835a9e6323d3b65f746b1879a45f9e68007374a576ae9d57b9ce7"},
    {file = "tsafe-1.3.1.tar.gz", hash = "sha256:47bf544c32e75a6e02ff1cc66e7def595819f75d2dab386506e8e6dd04b6526e"},
]

[metadata]
lock-version = "2.0"
python-versions = "^3.8"
content-hash = "070a61335b25a9d177b8c5977643b1422a93584350b36392fd2d2b67b35db6c8"
