# This file is automatically @generated by Poetry 1.8.4 and should not be changed by hand.

[[package]]
name = "tsafe"
version = "1.3.0"
description = "A module that forces functions to be type safe."
optional = false
python-versions = "<4.0,>=3.8"
files = [
    {file = "tsafe-1.3.0-py3-none-any.whl", hash = "sha256:76793d437b706d3de284dcd8fa6d13eee0a12e62f3258a3a7df37e4807fe3af4"},
    {file = "tsafe-1.3.0.tar.gz", hash = "sha256:391004c1058dec0ab340d75027dca275ff0294eef5591948fad4c0ab498ae997"},
]

[metadata]
lock-version = "2.0"
python-versions = "^3.8"
content-hash = "c9ccfa2f88238623417f5adb9428383e77cd11cf1fd09f11d2ff9af2d82f17e7"
