# This file is automatically @generated by Poetry and should not be changed by hand.

[[package]]
name = "tsafe"
version = "1.0.3"
description = "A module that forces functions to be type safe."
category = "main"
optional = false
python-versions = "<4.0,>=3.8"
files = [
    {file = "tsafe-1.0.3-py3-none-any.whl", hash = "sha256:dce80d18aa190ef8a3ae23ff907b0ba5b3b1d9726263a549563a219c034badc4"},
    {file = "tsafe-1.0.3.tar.gz", hash = "sha256:ca35307210cd5d5b97b8b01d675480ad0e8f53c4fbd34634527441fe5988320a"},
]

[metadata]
lock-version = "2.0"
python-versions = "^3.8"
content-hash = "20a4413834e20feb4835c845ac7e2864bed8b558408e9796f4b3705f4835c63d"
